
Microsoft Visual Studio Solution File, Format Version 12.00
# Visual Studio Version 16
VisualStudioVersion = 16.0.30804.86
MinimumVisualStudioVersion = 10.0.40219.1
Project("{9A19103F-16F7-4668-BE54-9A1E7A4F7556}") = "KampIntro1", "KampIntro1\KampIntro1.csproj", "{96FED8EC-361A-4BB5-9994-699F771C624A}"
EndProject
Project("{9A19103F-16F7-4668-BE54-9A1E7A4F7556}") = "ClassIntro", "Döngüler\ClassIntro.csproj", "{84FC7D77-F216-4CB8-A1C8-14FA3D02376E}"
EndProject
Project("{FAE04EC0-301F-11D3-BF4B-00C04F79EFBC}") = "Metotlar", "Metotlar\Metotlar.csproj", "{7AEFFE91-AF79-4860-97D4-337053DD0139}"
EndProject
Project("{FAE04EC0-301F-11D3-BF4B-00C04F79EFBC}") = "Matematik", "Matematik\Matematik.csproj", "{3A0A1834-F3AC-494D-8D51-629D7E0FEADB}"
EndProject
Project("{FAE04EC0-301F-11D3-BF4B-00C04F79EFBC}") = "DegerVeReferansTipleri", "DegerVeReferansTipleri\DegerVeReferansTipleri.csproj", "{A0521A79-8C09-48C6-9AE1-5C605F8E909F}"
EndProject
Global
	GlobalSection(SolutionConfigurationPlatforms) = preSolution
		Debug|Any CPU = Debug|Any CPU
		Release|Any CPU = Release|Any CPU
	EndGlobalSection
	GlobalSection(ProjectConfigurationPlatforms) = postSolution
		{96FED8EC-361A-4BB5-9994-699F771C624A}.Debug|Any CPU.ActiveCfg = Debug|Any CPU
		{96FED8EC-361A-4BB5-9994-699F771C624A}.Debug|Any CPU.Build.0 = Debug|Any CPU
		{96FED8EC-361A-4BB5-9994-699F771C624A}.Release|Any CPU.ActiveCfg = Release|Any CPU
		{96FED8EC-361A-4BB5-9994-699F771C624A}.Release|Any CPU.Build.0 = Release|Any CPU
		{84FC7D77-F216-4CB8-A1C8-14FA3D02376E}.Debug|Any CPU.ActiveCfg = Debug|Any CPU
		{84FC7D77-F216-4CB8-A1C8-14FA3D02376E}.Debug|Any CPU.Build.0 = Debug|Any CPU
		{84FC7D77-F216-4CB8-A1C8-14FA3D02376E}.Release|Any CPU.ActiveCfg = Release|Any CPU
		{84FC7D77-F216-4CB8-A1C8-14FA3D02376E}.Release|Any CPU.Build.0 = Release|Any CPU
		{7AEFFE91-AF79-4860-97D4-337053DD0139}.Debug|Any CPU.ActiveCfg = Debug|Any CPU
		{7AEFFE91-AF79-4860-97D4-337053DD0139}.Debug|Any CPU.Build.0 = Debug|Any CPU
		{7AEFFE91-AF79-4860-97D4-337053DD0139}.Release|Any CPU.ActiveCfg = Release|Any CPU
		{7AEFFE91-AF79-4860-97D4-337053DD0139}.Release|Any CPU.Build.0 = Release|Any CPU
		{3A0A1834-F3AC-494D-8D51-629D7E0FEADB}.Debug|Any CPU.ActiveCfg = Debug|Any CPU
		{3A0A1834-F3AC-494D-8D51-629D7E0FEADB}.Debug|Any CPU.Build.0 = Debug|Any CPU
		{3A0A1834-F3AC-494D-8D51-629D7E0FEADB}.Release|Any CPU.ActiveCfg = Release|Any CPU
		{3A0A1834-F3AC-494D-8D51-629D7E0FEADB}.Release|Any CPU.Build.0 = Release|Any CPU
		{A0521A79-8C09-48C6-9AE1-5C605F8E909F}.Debug|Any CPU.ActiveCfg = Debug|Any CPU
		{A0521A79-8C09-48C6-9AE1-5C605F8E909F}.Debug|Any CPU.Build.0 = Debug|Any CPU
		{A0521A79-8C09-48C6-9AE1-5C605F8E909F}.Release|Any CPU.ActiveCfg = Release|Any CPU
		{A0521A79-8C09-48C6-9AE1-5C605F8E909F}.Release|Any CPU.Build.0 = Release|Any CPU
	EndGlobalSection
	GlobalSection(SolutionProperties) = preSolution
		HideSolutionNode = FALSE
	EndGlobalSection
	GlobalSection(ExtensibilityGlobals) = postSolution
		SolutionGuid = {03DBC4B1-9973-4749-82C8-51BD50A08AEB}
	EndGlobalSection
EndGlobal
